
Microsoft Visual Studio Solution File, Format Version 12.00
# Visual Studio 15
VisualStudioVersion = 15.0.27130.2036
MinimumVisualStudioVersion = 10.0.40219.1
Project("{FAE04EC0-301F-11D3-BF4B-00C04F79EFBC}") = "WindowsFormsApp1", "WindowsFormsApp1\WindowsFormsApp1.csproj", "{4E488C3A-C4D6-4665-8F0C-11E337ECADDF}"
EndProject
Global
	GlobalSection(SolutionConfigurationPlatforms) = preSolution
		Debug|Any CPU = Debug|Any CPU
		Release|Any CPU = Release|Any CPU
	EndGlobalSection
	GlobalSection(ProjectConfigurationPlatforms) = postSolution
		{4E488C3A-C4D6-4665-8F0C-11E337ECADDF}.Debug|Any CPU.ActiveCfg = Debug|Any CPU
		{4E488C3A-C4D6-4665-8F0C-11E337ECADDF}.Debug|Any CPU.Build.0 = Debug|Any CPU
		{4E488C3A-C4D6-4665-8F0C-11E337ECADDF}.Release|Any CPU.ActiveCfg = Release|Any CPU
		{4E488C3A-C4D6-4665-8F0C-11E337ECADDF}.Release|Any CPU.Build.0 = Release|Any CPU
	EndGlobalSection
	GlobalSection(SolutionProperties) = preSolution
		HideSolutionNode = FALSE
	EndGlobalSection
	GlobalSection(ExtensibilityGlobals) = postSolution
		SolutionGuid = {A8817E7D-7E16-41E6-89FD-939ADE42D213}
	EndGlobalSection
EndGlobal
